<?xml version="1.0" encoding="utf-8"?>
<Project ToolsVersion="4.0" xmlns="http://schemas.microsoft.com/developer/msbuild/2003">
  <ItemGroup>
    <Filter Include="Source Files">
      <UniqueIdentifier>{4FC737F1-C7A5-4376-A066-2A32D752A2FF}</UniqueIdentifier>
      <Extensions>cpp;c;cc;cxx;def;odl;idl;hpj;bat;asm;asmx</Extensions>
    </Filter>
    <Filter Include="Header Files">
      <UniqueIdentifier>{93995380-89BD-4b04-88EB-625FBE52EBFB}</UniqueIdentifier>
      <Extensions>h;hh;hpp;hxx;hm;inl;inc;ipp;xsd</Extensions>
    </Filter>
    <Filter Include="Resource Files">
      <UniqueIdentifier>{67DA6AB6-F800-4c08-8B7A-83BB121AAD01}</UniqueIdentifier>
      <Extensions>rc;ico;cur;bmp;dlg;rc2;rct;bin;rgs;gif;jpg;jpeg;jpe;resx;tiff;tif;png;wav;mfcribbon-ms</Extensions>
    </Filter>
  </ItemGroup>
  <ItemGroup>
    <ClCompile Include="src\231A\p231a_solution.cpp">
      <Filter>Source Files</Filter>
    </ClCompile>
    <ClCompile Include="include\codeforces-cpp\112A\p112a_solution.cpp">
      <Filter>Source Files</Filter>
    </ClCompile>
    <ClCompile Include="include\codeforces-cpp\96A\p96a_solution.cpp">
      <Filter>Source Files</Filter>
    </ClCompile>
    <ClCompile Include="include\codeforces-cpp\58A\p58a_solution.cpp">
      <Filter>Source Files</Filter>
    </ClCompile>
    <ClCompile Include="include\codeforces-cpp\131A\p131a_solution.cpp">
      <Filter>Source Files</Filter>
    </ClCompile>
    <ClCompile Include="include\codeforces-cpp\133A\p133a_solution.cpp">
      <Filter>Source Files</Filter>
    </ClCompile>
    <ClCompile Include="include\codeforces-cpp\160A\p160a_solution.cpp">
      <Filter>Source Files</Filter>
    </ClCompile>
    <ClCompile Include="include\codeforces-cpp\208A\p208a_solution.cpp">
      <Filter>Source Files</Filter>
    </ClCompile>
    <ClCompile Include="include\codeforces-cpp\236A\p236a_solution.cpp">
      <Filter>Source Files</Filter>
    </ClCompile>
    <ClCompile Include="include\codeforces-cpp\266A\p266a_solution.cpp">
      <Filter>Source Files</Filter>
    </ClCompile>
    <ClCompile Include="include\codeforces-cpp\271A\p271a_solution.cpp">
      <Filter>Source Files</Filter>
    </ClCompile>
    <ClCompile Include="include\codeforces-cpp\337A\p337a_solution.cpp">
      <Filter>Source Files</Filter>
    </ClCompile>
    <ClCompile Include="include\codeforces-cpp\344A\p344a_solution.cpp">
      <Filter>Source Files</Filter>
    </ClCompile>
    <ClCompile Include="include\codeforces-cpp\405A\p405a_solution.cpp">
      <Filter>Source Files</Filter>
    </ClCompile>
    <ClCompile Include="include\codeforces-cpp\580A\p580a_solution.cpp">
      <Filter>Source Files</Filter>
    </ClCompile>
    <ClCompile Include="include\codeforces-cpp\677A\p677a_solution.cpp">
      <Filter>Source Files</Filter>
    </ClCompile>
    <ClCompile Include="include\codeforces-cpp\705A\p705a_solution.cpp">
      <Filter>Source Files</Filter>
    </ClCompile>
    <ClCompile Include="include\codeforces-cpp\1030A\p1030a_solution.cpp">
      <Filter>Source Files</Filter>
    </ClCompile>
    <ClCompile Include="include\codeforces-cpp\158A\p158b_solution.cpp">
      <Filter>Source Files</Filter>
    </ClCompile>
  </ItemGroup>
  <ItemGroup>
    <ClInclude Include="include\codeforces-cpp\231A\p231a_solution.h">
      <Filter>Header Files</Filter>
    </ClInclude>
    <ClInclude Include="include\codeforces-cpp\58A\p58a_solution.h">
      <Filter>Header Files</Filter>
    </ClInclude>
    <ClInclude Include="include\codeforces-cpp\96A\p96a_solution.h">
      <Filter>Header Files</Filter>
    </ClInclude>
    <ClInclude Include="include\codeforces-cpp\112A\p112a_solution.h">
      <Filter>Header Files</Filter>
    </ClInclude>
    <ClInclude Include="include\codeforces-cpp\131A\p131a_solution.h">
      <Filter>Header Files</Filter>
    </ClInclude>
    <ClInclude Include="include\codeforces-cpp\133A\p133a_solution.h">
      <Filter>Header Files</Filter>
    </ClInclude>
    <ClInclude Include="include\codeforces-cpp\160A\p160a_solution.h">
      <Filter>Header Files</Filter>
    </ClInclude>
    <ClInclude Include="include\codeforces-cpp\208A\p208a_solution.h">
      <Filter>Header Files</Filter>
    </ClInclude>
    <ClInclude Include="include\codeforces-cpp\236A\p236a_solution.h">
      <Filter>Header Files</Filter>
    </ClInclude>
    <ClInclude Include="include\codeforces-cpp\266A\p266a_solution.h">
      <Filter>Header Files</Filter>
    </ClInclude>
    <ClInclude Include="include\codeforces-cpp\271A\p271a_solution.h">
      <Filter>Header Files</Filter>
    </ClInclude>
    <ClInclude Include="include\codeforces-cpp\337A\p337a_solution.h">
      <Filter>Header Files</Filter>
    </ClInclude>
    <ClInclude Include="include\codeforces-cpp\344A\p344a_solution.h">
      <Filter>Header Files</Filter>
    </ClInclude>
    <ClInclude Include="include\codeforces-cpp\405A\p405a_solution.h">
      <Filter>Header Files</Filter>
    </ClInclude>
    <ClInclude Include="include\codeforces-cpp\580A\p580a_solution.h">
      <Filter>Header Files</Filter>
    </ClInclude>
    <ClInclude Include="include\codeforces-cpp\677A\p677a_solution.h">
      <Filter>Header Files</Filter>
    </ClInclude>
    <ClInclude Include="include\codeforces-cpp\705A\p705a_solution.h">
      <Filter>Header Files</Filter>
    </ClInclude>
    <ClInclude Include="include\codeforces-cpp\1030A\p1030a_solution.h">
      <Filter>Header Files</Filter>
    </ClInclude>
    <ClInclude Include="include\codeforces-cpp\158A\p158b_solution.h">
      <Filter>Header Files</Filter>
    </ClInclude>
  </ItemGroup>
</Project>